
Microsoft Visual Studio Solution File, Format Version 12.00
# Visual Studio Version 17
VisualStudioVersion = 17.4.33213.308
MinimumVisualStudioVersion = 10.0.40219.1
Project("{FAE04EC0-301F-11D3-BF4B-00C04F79EFBC}") = "delete-selected-folders", "delete-selected-folders\delete-selected-folders.csproj", "{A2E44C02-E2AA-4C3C-A803-201CB45E0686}"
EndProject
Global
	GlobalSection(SolutionConfigurationPlatforms) = preSolution
		Debug|Any CPU = Debug|Any CPU
		Release|Any CPU = Release|Any CPU
	EndGlobalSection
	GlobalSection(ProjectConfigurationPlatforms) = postSolution
		{A2E44C02-E2AA-4C3C-A803-201CB45E0686}.Debug|Any CPU.ActiveCfg = Debug|Any CPU
		{A2E44C02-E2AA-4C3C-A803-201CB45E0686}.Debug|Any CPU.Build.0 = Debug|Any CPU
		{A2E44C02-E2AA-4C3C-A803-201CB45E0686}.Release|Any CPU.ActiveCfg = Release|Any CPU
		{A2E44C02-E2AA-4C3C-A803-201CB45E0686}.Release|Any CPU.Build.0 = Release|Any CPU
	EndGlobalSection
	GlobalSection(SolutionProperties) = preSolution
		HideSolutionNode = FALSE
	EndGlobalSection
	GlobalSection(ExtensibilityGlobals) = postSolution
		SolutionGuid = {186A5890-FB34-4A98-A7FD-2CFA4FD42207}
	EndGlobalSection
EndGlobal
